
Microsoft Visual Studio Solution File, Format Version 12.00
# Visual Studio Version 17
VisualStudioVersion = 17.9.34728.123
MinimumVisualStudioVersion = 10.0.40219.1
Project("{FAE04EC0-301F-11D3-BF4B-00C04F79EFBC}") = "MonitorFactoryTool", "MonitorFactoryTool\MonitorFactoryTool.csproj", "{34678F59-BAAF-4077-89F3-A0C838724B68}"
EndProject
Global
	GlobalSection(SolutionConfigurationPlatforms) = preSolution
		Debug|Any CPU = Debug|Any CPU
		Debug|x86 = Debug|x86
		Release|Any CPU = Release|Any CPU
		Release|x86 = Release|x86
	EndGlobalSection
	GlobalSection(ProjectConfigurationPlatforms) = postSolution
		{34678F59-BAAF-4077-89F3-A0C838724B68}.Debug|Any CPU.ActiveCfg = Debug|Any CPU
		{34678F59-BAAF-4077-89F3-A0C838724B68}.Debug|Any CPU.Build.0 = Debug|Any CPU
		{34678F59-BAAF-4077-89F3-A0C838724B68}.Debug|x86.ActiveCfg = Debug|x86
		{34678F59-BAAF-4077-89F3-A0C838724B68}.Debug|x86.Build.0 = Debug|x86
		{34678F59-BAAF-4077-89F3-A0C838724B68}.Release|Any CPU.ActiveCfg = Release|Any CPU
		{34678F59-BAAF-4077-89F3-A0C838724B68}.Release|Any CPU.Build.0 = Release|Any CPU
		{34678F59-BAAF-4077-89F3-A0C838724B68}.Release|x86.ActiveCfg = Release|x86
		{34678F59-BAAF-4077-89F3-A0C838724B68}.Release|x86.Build.0 = Release|x86
	EndGlobalSection
	GlobalSection(SolutionProperties) = preSolution
		HideSolutionNode = FALSE
	EndGlobalSection
	GlobalSection(ExtensibilityGlobals) = postSolution
		SolutionGuid = {975FE471-5A3B-45C1-94F6-E871BD091DC8}
	EndGlobalSection
EndGlobal
